
Microsoft Visual Studio Solution File, Format Version 12.00
# Visual Studio Version 16
VisualStudioVersion = 16.0.31410.357
MinimumVisualStudioVersion = 10.0.40219.1
Project("{FAE04EC0-301F-11D3-BF4B-00C04F79EFBC}") = "2021", "2021\2021.csproj", "{DA01778E-A644-41E9-B491-25CC138DD16E}"
EndProject
Global
	GlobalSection(SolutionConfigurationPlatforms) = preSolution
		Debug|Any CPU = Debug|Any CPU
		Release|Any CPU = Release|Any CPU
	EndGlobalSection
	GlobalSection(ProjectConfigurationPlatforms) = postSolution
		{DA01778E-A644-41E9-B491-25CC138DD16E}.Debug|Any CPU.ActiveCfg = Debug|Any CPU
		{DA01778E-A644-41E9-B491-25CC138DD16E}.Debug|Any CPU.Build.0 = Debug|Any CPU
		{DA01778E-A644-41E9-B491-25CC138DD16E}.Release|Any CPU.ActiveCfg = Release|Any CPU
		{DA01778E-A644-41E9-B491-25CC138DD16E}.Release|Any CPU.Build.0 = Release|Any CPU
	EndGlobalSection
	GlobalSection(SolutionProperties) = preSolution
		HideSolutionNode = FALSE
	EndGlobalSection
	GlobalSection(ExtensibilityGlobals) = postSolution
		SolutionGuid = {517A1B9E-CAFF-48FA-8ECF-BC43B31A4975}
	EndGlobalSection
EndGlobal
